{
  "name": "git-app",
  "lockfileVersion": 3,
  "requires": true,
  "packages": {
    "": {
      "name": "git-app",
      "dependencies": {
        "@peculiar/x509": "^1.13.0",
        "@types/openpgp": "^5.0.0",
        "@viem/anvil": "^0.0.10",
        "alkahest-ts": "git+https://github.com/VAR-META-Tech/alkahest-ts.git#gitapp",
        "chalk": "^5.6.0",
        "commander": "^12.1.0",
        "openpgp": "^6.2.2",
        "simple-git": "^3.28.0",
        "sshpk": "^1.18.0",
        "uuid": "^10.0.0",
        "viem": "^2.35.1"
      },
      "bin": {
        "git-escrows": "src/cli/git-escrows.ts"
      },
      "devDependencies": {
        "@types/bun": "latest",
        "@types/node": "^20.19.11",
        "@types/sshpk": "^1.17.4",
        "@types/uuid": "^10.0.0"
      },
      "peerDependencies": {
        "typescript": "^5.9.2"
      }
    },
    "node_modules/@adraffy/ens-normalize": {
      "version": "1.11.0",
      "license": "MIT"
    },
    "node_modules/@ark/schema": {
      "version": "0.46.0",
      "license": "MIT",
      "dependencies": {
        "@ark/util": "0.46.0"
      }
    },
    "node_modules/@ark/util": {
      "version": "0.46.0",
      "license": "MIT"
    },
    "node_modules/@kwsites/file-exists": {
      "version": "1.1.1",
      "license": "MIT",
      "dependencies": {
        "debug": "^4.1.1"
      }
    },
    "node_modules/@kwsites/promise-deferred": {
      "version": "1.1.1",
      "license": "MIT"
    },
    "node_modules/@noble/ciphers": {
      "version": "1.3.0",
      "license": "MIT",
      "engines": {
        "node": "^14.21.3 || >=16"
      },
      "funding": {
        "url": "https://paulmillr.com/funding/"
      }
    },
    "node_modules/@peculiar/asn1-cms": {
      "version": "2.5.0",
      "resolved": "https://registry.npmjs.org/@peculiar/asn1-cms/-/asn1-cms-2.5.0.tgz",
      "integrity": "sha512-p0SjJ3TuuleIvjPM4aYfvYw8Fk1Hn/zAVyPJZTtZ2eE9/MIer6/18ROxX6N/e6edVSfvuZBqhxAj3YgsmSjQ/A==",
      "license": "MIT",
      "dependencies": {
        "@peculiar/asn1-schema": "^2.5.0",
        "@peculiar/asn1-x509": "^2.5.0",
        "@peculiar/asn1-x509-attr": "^2.5.0",
        "asn1js": "^3.0.6",
        "tslib": "^2.8.1"
      }
    },
    "node_modules/@peculiar/asn1-csr": {
      "version": "2.5.0",
      "resolved": "https://registry.npmjs.org/@peculiar/asn1-csr/-/asn1-csr-2.5.0.tgz",
      "integrity": "sha512-ioigvA6WSYN9h/YssMmmoIwgl3RvZlAYx4A/9jD2qaqXZwGcNlAxaw54eSx2QG1Yu7YyBC5Rku3nNoHrQ16YsQ==",
      "license": "MIT",
      "dependencies": {
        "@peculiar/asn1-schema": "^2.5.0",
        "@peculiar/asn1-x509": "^2.5.0",
        "asn1js": "^3.0.6",
        "tslib": "^2.8.1"
      }
    },
    "node_modules/@peculiar/asn1-ecc": {
      "version": "2.5.0",
      "resolved": "https://registry.npmjs.org/@peculiar/asn1-ecc/-/asn1-ecc-2.5.0.tgz",
      "integrity": "sha512-t4eYGNhXtLRxaP50h3sfO6aJebUCDGQACoeexcelL4roMFRRVgB20yBIu2LxsPh/tdW9I282gNgMOyg3ywg/mg==",
      "license": "MIT",
      "dependencies": {
        "@peculiar/asn1-schema": "^2.5.0",
        "@peculiar/asn1-x509": "^2.5.0",
        "asn1js": "^3.0.6",
        "tslib": "^2.8.1"
      }
    },
    "node_modules/@peculiar/asn1-pfx": {
      "version": "2.5.0",
      "resolved": "https://registry.npmjs.org/@peculiar/asn1-pfx/-/asn1-pfx-2.5.0.tgz",
      "integrity": "sha512-Vj0d0wxJZA+Ztqfb7W+/iu8Uasw6hhKtCdLKXLG/P3kEPIQpqGI4P4YXlROfl7gOCqFIbgsj1HzFIFwQ5s20ug==",
      "license": "MIT",
      "dependencies": {
        "@peculiar/asn1-cms": "^2.5.0",
        "@peculiar/asn1-pkcs8": "^2.5.0",
        "@peculiar/asn1-rsa": "^2.5.0",
        "@peculiar/asn1-schema": "^2.5.0",
        "asn1js": "^3.0.6",
        "tslib": "^2.8.1"
      }
    },
    "node_modules/@peculiar/asn1-pkcs8": {
      "version": "2.5.0",
      "resolved": "https://registry.npmjs.org/@peculiar/asn1-pkcs8/-/asn1-pkcs8-2.5.0.tgz",
      "integrity": "sha512-L7599HTI2SLlitlpEP8oAPaJgYssByI4eCwQq2C9eC90otFpm8MRn66PpbKviweAlhinWQ3ZjDD2KIVtx7PaVw==",
      "license": "MIT",
      "dependencies": {
        "@peculiar/asn1-schema": "^2.5.0",
        "@peculiar/asn1-x509": "^2.5.0",
        "asn1js": "^3.0.6",
        "tslib": "^2.8.1"
      }
    },
    "node_modules/@peculiar/asn1-pkcs9": {
      "version": "2.5.0",
      "resolved": "https://registry.npmjs.org/@peculiar/asn1-pkcs9/-/asn1-pkcs9-2.5.0.tgz",
      "integrity": "sha512-UgqSMBLNLR5TzEZ5ZzxR45Nk6VJrammxd60WMSkofyNzd3DQLSNycGWSK5Xg3UTYbXcDFyG8pA/7/y/ztVCa6A==",
      "license": "MIT",
      "dependencies": {
        "@peculiar/asn1-cms": "^2.5.0",
        "@peculiar/asn1-pfx": "^2.5.0",
        "@peculiar/asn1-pkcs8": "^2.5.0",
        "@peculiar/asn1-schema": "^2.5.0",
        "@peculiar/asn1-x509": "^2.5.0",
        "@peculiar/asn1-x509-attr": "^2.5.0",
        "asn1js": "^3.0.6",
        "tslib": "^2.8.1"
      }
    },
    "node_modules/@peculiar/asn1-rsa": {
      "version": "2.5.0",
      "resolved": "https://registry.npmjs.org/@peculiar/asn1-rsa/-/asn1-rsa-2.5.0.tgz",
      "integrity": "sha512-qMZ/vweiTHy9syrkkqWFvbT3eLoedvamcUdnnvwyyUNv5FgFXA3KP8td+ATibnlZ0EANW5PYRm8E6MJzEB/72Q==",
      "license": "MIT",
      "dependencies": {
        "@peculiar/asn1-schema": "^2.5.0",
        "@peculiar/asn1-x509": "^2.5.0",
        "asn1js": "^3.0.6",
        "tslib": "^2.8.1"
      }
    },
    "node_modules/@peculiar/asn1-schema": {
      "version": "2.5.0",
      "resolved": "https://registry.npmjs.org/@peculiar/asn1-schema/-/asn1-schema-2.5.0.tgz",
      "integrity": "sha512-YM/nFfskFJSlHqv59ed6dZlLZqtZQwjRVJ4bBAiWV08Oc+1rSd5lDZcBEx0lGDHfSoH3UziI2pXt2UM33KerPQ==",
      "license": "MIT",
      "dependencies": {
        "asn1js": "^3.0.6",
        "pvtsutils": "^1.3.6",
        "tslib": "^2.8.1"
      }
    },
    "node_modules/@peculiar/asn1-x509": {
      "version": "2.5.0",
      "resolved": "https://registry.npmjs.org/@peculiar/asn1-x509/-/asn1-x509-2.5.0.tgz",
      "integrity": "sha512-CpwtMCTJvfvYTFMuiME5IH+8qmDe3yEWzKHe7OOADbGfq7ohxeLaXwQo0q4du3qs0AII3UbLCvb9NF/6q0oTKQ==",
      "license": "MIT",
      "dependencies": {
        "@peculiar/asn1-schema": "^2.5.0",
        "asn1js": "^3.0.6",
        "pvtsutils": "^1.3.6",
        "tslib": "^2.8.1"
      }
    },
    "node_modules/@peculiar/asn1-x509-attr": {
      "version": "2.5.0",
      "resolved": "https://registry.npmjs.org/@peculiar/asn1-x509-attr/-/asn1-x509-attr-2.5.0.tgz",
      "integrity": "sha512-9f0hPOxiJDoG/bfNLAFven+Bd4gwz/VzrCIIWc1025LEI4BXO0U5fOCTNDPbbp2ll+UzqKsZ3g61mpBp74gk9A==",
      "license": "MIT",
      "dependencies": {
        "@peculiar/asn1-schema": "^2.5.0",
        "@peculiar/asn1-x509": "^2.5.0",
        "asn1js": "^3.0.6",
        "tslib": "^2.8.1"
      }
    },
    "node_modules/@peculiar/x509": {
      "version": "1.14.0",
      "resolved": "https://registry.npmjs.org/@peculiar/x509/-/x509-1.14.0.tgz",
      "integrity": "sha512-Yc4PDxN3OrxUPiXgU63c+ZRXKGE8YKF2McTciYhUHFtHVB0KMnjeFSU0qpztGhsp4P0uKix4+J2xEpIEDu8oXg==",
      "license": "MIT",
      "dependencies": {
        "@peculiar/asn1-cms": "^2.5.0",
        "@peculiar/asn1-csr": "^2.5.0",
        "@peculiar/asn1-ecc": "^2.5.0",
        "@peculiar/asn1-pkcs9": "^2.5.0",
        "@peculiar/asn1-rsa": "^2.5.0",
        "@peculiar/asn1-schema": "^2.5.0",
        "@peculiar/asn1-x509": "^2.5.0",
        "pvtsutils": "^1.3.6",
        "reflect-metadata": "^0.2.2",
        "tslib": "^2.8.1",
        "tsyringe": "^4.10.0"
      }
    },
    "node_modules/@scure/base": {
      "version": "1.2.6",
      "license": "MIT",
      "funding": {
        "url": "https://paulmillr.com/funding/"
      }
    },
    "node_modules/@scure/bip32": {
      "version": "1.7.0",
      "license": "MIT",
      "dependencies": {
        "@noble/curves": "~1.9.0",
        "@noble/hashes": "~1.8.0",
        "@scure/base": "~1.2.5"
      },
      "funding": {
        "url": "https://paulmillr.com/funding/"
      }
    },
    "node_modules/@scure/bip32/node_modules/@noble/curves": {
      "version": "1.9.6",
      "license": "MIT",
      "dependencies": {
        "@noble/hashes": "1.8.0"
      },
      "engines": {
        "node": "^14.21.3 || >=16"
      },
      "funding": {
        "url": "https://paulmillr.com/funding/"
      }
    },
    "node_modules/@scure/bip32/node_modules/@noble/hashes": {
      "version": "1.8.0",
      "license": "MIT",
      "engines": {
        "node": "^14.21.3 || >=16"
      },
      "funding": {
        "url": "https://paulmillr.com/funding/"
      }
    },
    "node_modules/@scure/bip39": {
      "version": "1.6.0",
      "license": "MIT",
      "dependencies": {
        "@noble/hashes": "~1.8.0",
        "@scure/base": "~1.2.5"
      },
      "funding": {
        "url": "https://paulmillr.com/funding/"
      }
    },
    "node_modules/@scure/bip39/node_modules/@noble/hashes": {
      "version": "1.8.0",
      "license": "MIT",
      "engines": {
        "node": "^14.21.3 || >=16"
      },
      "funding": {
        "url": "https://paulmillr.com/funding/"
      }
    },
    "node_modules/@types/asn1": {
      "version": "0.2.4",
      "dev": true,
      "license": "MIT",
      "dependencies": {
        "@types/node": "*"
      }
    },
    "node_modules/@types/bun": {
      "version": "1.2.21",
      "resolved": "https://registry.npmjs.org/@types/bun/-/bun-1.2.21.tgz",
      "integrity": "sha512-NiDnvEqmbfQ6dmZ3EeUO577s4P5bf4HCTXtI6trMc6f6RzirY5IrF3aIookuSpyslFzrnvv2lmEWv5HyC1X79A==",
      "dev": true,
      "license": "MIT",
      "dependencies": {
        "bun-types": "1.2.21"
      }
    },
    "node_modules/@types/node": {
      "version": "20.19.11",
      "dev": true,
      "license": "MIT",
      "dependencies": {
        "undici-types": "~6.21.0"
      }
    },
    "node_modules/@types/openpgp": {
      "version": "5.0.0",
      "resolved": "https://registry.npmjs.org/@types/openpgp/-/openpgp-5.0.0.tgz",
      "integrity": "sha512-bzIQl7uFcb4bQLyl5UN6ZUSixpf00cyaUdBNqIaQQocNfcAB07v+NGBANBqDiNffm3xe3UC1iKaUw0UP25XyJw==",
      "deprecated": "This is a stub types definition. openpgp provides its own type definitions, so you do not need this installed.",
      "license": "MIT",
      "dependencies": {
        "openpgp": "*"
      }
    },
    "node_modules/@types/react": {
      "version": "19.1.10",
      "dev": true,
      "license": "MIT",
      "peer": true,
      "dependencies": {
        "csstype": "^3.0.2"
      }
    },
    "node_modules/@types/sshpk": {
      "version": "1.17.4",
      "dev": true,
      "license": "MIT",
      "dependencies": {
        "@types/asn1": "*",
        "@types/node": "*"
      }
    },
    "node_modules/@types/uuid": {
      "version": "10.0.0",
      "dev": true,
      "license": "MIT"
    },
    "node_modules/@viem/anvil": {
      "version": "0.0.10",
      "license": "MIT",
      "dependencies": {
        "execa": "^7.1.1",
        "get-port": "^6.1.2",
        "http-proxy": "^1.18.1",
        "ws": "^8.13.0"
      }
    },
    "node_modules/abitype": {
      "version": "1.0.8",
      "license": "MIT",
      "funding": {
        "url": "https://github.com/sponsors/wevm"
      },
      "peerDependencies": {
        "typescript": ">=5.0.4",
        "zod": "^3 >=3.22.0"
      },
      "peerDependenciesMeta": {
        "typescript": {
          "optional": true
        },
        "zod": {
          "optional": true
        }
      }
    },
    "node_modules/alkahest-ts": {
      "version": "0.5.0",
      "resolved": "git+ssh://git@github.com/VAR-META-Tech/alkahest-ts.git#6620f0ed16a70a73367af32c4c87b06c2e727f52",
      "dependencies": {
        "@viem/anvil": "^0.0.10",
        "arktype": "^2.1.0",
        "viem": "^2.30.6",
        "zod": "^3.24.2"
      },
      "peerDependencies": {
        "typescript": "^5.0.0"
      }
    },
    "node_modules/arktype": {
      "version": "2.1.20",
      "license": "MIT",
      "dependencies": {
        "@ark/schema": "0.46.0",
        "@ark/util": "0.46.0"
      }
    },
    "node_modules/asn1": {
      "version": "0.2.6",
      "license": "MIT",
      "dependencies": {
        "safer-buffer": "~2.1.0"
      }
    },
    "node_modules/asn1js": {
      "version": "3.0.6",
      "resolved": "https://registry.npmjs.org/asn1js/-/asn1js-3.0.6.tgz",
      "integrity": "sha512-UOCGPYbl0tv8+006qks/dTgV9ajs97X2p0FAbyS2iyCRrmLSRolDaHdp+v/CLgnzHc3fVB+CwYiUmei7ndFcgA==",
      "license": "BSD-3-Clause",
      "dependencies": {
        "pvtsutils": "^1.3.6",
        "pvutils": "^1.1.3",
        "tslib": "^2.8.1"
      },
      "engines": {
        "node": ">=12.0.0"
      }
    },
    "node_modules/assert-plus": {
      "version": "1.0.0",
      "license": "MIT",
      "engines": {
        "node": ">=0.8"
      }
    },
    "node_modules/bcrypt-pbkdf": {
      "version": "1.0.2",
      "license": "BSD-3-Clause",
      "dependencies": {
        "tweetnacl": "^0.14.3"
      }
    },
    "node_modules/bun-types": {
      "version": "1.2.21",
      "dev": true,
      "license": "MIT",
      "dependencies": {
        "@types/node": "*"
      },
      "peerDependencies": {
        "@types/react": "^19"
      }
    },
    "node_modules/chalk": {
      "version": "5.6.0",
      "license": "MIT",
      "engines": {
        "node": "^12.17.0 || ^14.13 || >=16.0.0"
      },
      "funding": {
        "url": "https://github.com/chalk/chalk?sponsor=1"
      }
    },
    "node_modules/commander": {
      "version": "12.1.0",
      "license": "MIT",
      "engines": {
        "node": ">=18"
      }
    },
    "node_modules/cross-spawn": {
      "version": "7.0.6",
      "license": "MIT",
      "dependencies": {
        "path-key": "^3.1.0",
        "shebang-command": "^2.0.0",
        "which": "^2.0.1"
      },
      "engines": {
        "node": ">= 8"
      }
    },
    "node_modules/csstype": {
      "version": "3.1.3",
      "dev": true,
      "license": "MIT",
      "peer": true
    },
    "node_modules/dashdash": {
      "version": "1.14.1",
      "license": "MIT",
      "dependencies": {
        "assert-plus": "^1.0.0"
      },
      "engines": {
        "node": ">=0.10"
      }
    },
    "node_modules/debug": {
      "version": "4.4.1",
      "license": "MIT",
      "dependencies": {
        "ms": "^2.1.3"
      },
      "engines": {
        "node": ">=6.0"
      },
      "peerDependenciesMeta": {
        "supports-color": {
          "optional": true
        }
      }
    },
    "node_modules/ecc-jsbn": {
      "version": "0.1.2",
      "license": "MIT",
      "dependencies": {
        "jsbn": "~0.1.0",
        "safer-buffer": "^2.1.0"
      }
    },
    "node_modules/eventemitter3": {
      "version": "4.0.7",
      "license": "MIT"
    },
    "node_modules/execa": {
      "version": "7.2.0",
      "license": "MIT",
      "dependencies": {
        "cross-spawn": "^7.0.3",
        "get-stream": "^6.0.1",
        "human-signals": "^4.3.0",
        "is-stream": "^3.0.0",
        "merge-stream": "^2.0.0",
        "npm-run-path": "^5.1.0",
        "onetime": "^6.0.0",
        "signal-exit": "^3.0.7",
        "strip-final-newline": "^3.0.0"
      },
      "engines": {
        "node": "^14.18.0 || ^16.14.0 || >=18.0.0"
      },
      "funding": {
        "url": "https://github.com/sindresorhus/execa?sponsor=1"
      }
    },
    "node_modules/follow-redirects": {
      "version": "1.15.11",
      "funding": [
        {
          "type": "individual",
          "url": "https://github.com/sponsors/RubenVerborgh"
        }
      ],
      "license": "MIT",
      "engines": {
        "node": ">=4.0"
      },
      "peerDependenciesMeta": {
        "debug": {
          "optional": true
        }
      }
    },
    "node_modules/get-port": {
      "version": "6.1.2",
      "license": "MIT",
      "engines": {
        "node": "^12.20.0 || ^14.13.1 || >=16.0.0"
      },
      "funding": {
        "url": "https://github.com/sponsors/sindresorhus"
      }
    },
    "node_modules/get-stream": {
      "version": "6.0.1",
      "license": "MIT",
      "engines": {
        "node": ">=10"
      },
      "funding": {
        "url": "https://github.com/sponsors/sindresorhus"
      }
    },
    "node_modules/getpass": {
      "version": "0.1.7",
      "license": "MIT",
      "dependencies": {
        "assert-plus": "^1.0.0"
      }
    },
    "node_modules/http-proxy": {
      "version": "1.18.1",
      "license": "MIT",
      "dependencies": {
        "eventemitter3": "^4.0.0",
        "follow-redirects": "^1.0.0",
        "requires-port": "^1.0.0"
      },
      "engines": {
        "node": ">=8.0.0"
      }
    },
    "node_modules/human-signals": {
      "version": "4.3.1",
      "license": "Apache-2.0",
      "engines": {
        "node": ">=14.18.0"
      }
    },
    "node_modules/is-stream": {
      "version": "3.0.0",
      "license": "MIT",
      "engines": {
        "node": "^12.20.0 || ^14.13.1 || >=16.0.0"
      },
      "funding": {
        "url": "https://github.com/sponsors/sindresorhus"
      }
    },
    "node_modules/isexe": {
      "version": "2.0.0",
      "license": "ISC"
    },
    "node_modules/isows": {
      "version": "1.0.7",
      "funding": [
        {
          "type": "github",
          "url": "https://github.com/sponsors/wevm"
        }
      ],
      "license": "MIT",
      "peerDependencies": {
        "ws": "*"
      }
    },
    "node_modules/jsbn": {
      "version": "0.1.1",
      "license": "MIT"
    },
    "node_modules/merge-stream": {
      "version": "2.0.0",
      "license": "MIT"
    },
    "node_modules/mimic-fn": {
      "version": "4.0.0",
      "license": "MIT",
      "engines": {
        "node": ">=12"
      },
      "funding": {
        "url": "https://github.com/sponsors/sindresorhus"
      }
    },
    "node_modules/ms": {
      "version": "2.1.3",
      "license": "MIT"
    },
    "node_modules/npm-run-path": {
      "version": "5.3.0",
      "license": "MIT",
      "dependencies": {
        "path-key": "^4.0.0"
      },
      "engines": {
        "node": "^12.20.0 || ^14.13.1 || >=16.0.0"
      },
      "funding": {
        "url": "https://github.com/sponsors/sindresorhus"
      }
    },
    "node_modules/npm-run-path/node_modules/path-key": {
      "version": "4.0.0",
      "license": "MIT",
      "engines": {
        "node": ">=12"
      },
      "funding": {
        "url": "https://github.com/sponsors/sindresorhus"
      }
    },
    "node_modules/onetime": {
      "version": "6.0.0",
      "license": "MIT",
      "dependencies": {
        "mimic-fn": "^4.0.0"
      },
      "engines": {
        "node": ">=12"
      },
      "funding": {
        "url": "https://github.com/sponsors/sindresorhus"
      }
    },
    "node_modules/openpgp": {
      "version": "6.2.2",
      "resolved": "https://registry.npmjs.org/openpgp/-/openpgp-6.2.2.tgz",
      "integrity": "sha512-P/dyEqQ3gfwOCo+xsqffzXjmUhGn4AZTOJ1LCcN21S23vAk+EAvMJOQTsb/C8krL6GjOSBxqGYckhik7+hneNw==",
      "license": "LGPL-3.0+",
      "engines": {
        "node": ">= 18.0.0"
      }
    },
    "node_modules/ox": {
      "version": "0.8.7",
      "funding": [
        {
          "type": "github",
          "url": "https://github.com/sponsors/wevm"
        }
      ],
      "license": "MIT",
      "dependencies": {
        "@adraffy/ens-normalize": "^1.11.0",
        "@noble/ciphers": "^1.3.0",
        "@noble/curves": "^1.9.1",
        "@noble/hashes": "^1.8.0",
        "@scure/bip32": "^1.7.0",
        "@scure/bip39": "^1.6.0",
        "abitype": "^1.0.8",
        "eventemitter3": "5.0.1"
      },
      "peerDependencies": {
        "typescript": ">=5.4.0"
      },
      "peerDependenciesMeta": {
        "typescript": {
          "optional": true
        }
      }
    },
    "node_modules/ox/node_modules/@noble/curves": {
      "version": "1.9.6",
      "license": "MIT",
      "dependencies": {
        "@noble/hashes": "1.8.0"
      },
      "engines": {
        "node": "^14.21.3 || >=16"
      },
      "funding": {
        "url": "https://paulmillr.com/funding/"
      }
    },
    "node_modules/ox/node_modules/@noble/hashes": {
      "version": "1.8.0",
      "license": "MIT",
      "engines": {
        "node": "^14.21.3 || >=16"
      },
      "funding": {
        "url": "https://paulmillr.com/funding/"
      }
    },
    "node_modules/ox/node_modules/eventemitter3": {
      "version": "5.0.1",
      "license": "MIT"
    },
    "node_modules/path-key": {
      "version": "3.1.1",
      "license": "MIT",
      "engines": {
        "node": ">=8"
      }
    },
    "node_modules/pvtsutils": {
      "version": "1.3.6",
      "resolved": "https://registry.npmjs.org/pvtsutils/-/pvtsutils-1.3.6.tgz",
      "integrity": "sha512-PLgQXQ6H2FWCaeRak8vvk1GW462lMxB5s3Jm673N82zI4vqtVUPuZdffdZbPDFRoU8kAhItWFtPCWiPpp4/EDg==",
      "license": "MIT",
      "dependencies": {
        "tslib": "^2.8.1"
      }
    },
    "node_modules/pvutils": {
      "version": "1.1.3",
      "resolved": "https://registry.npmjs.org/pvutils/-/pvutils-1.1.3.tgz",
      "integrity": "sha512-pMpnA0qRdFp32b1sJl1wOJNxZLQ2cbQx+k6tjNtZ8CpvVhNqEPRgivZ2WOUev2YMajecdH7ctUPDvEe87nariQ==",
      "license": "MIT",
      "engines": {
        "node": ">=6.0.0"
      }
    },
    "node_modules/reflect-metadata": {
      "version": "0.2.2",
      "resolved": "https://registry.npmjs.org/reflect-metadata/-/reflect-metadata-0.2.2.tgz",
      "integrity": "sha512-urBwgfrvVP/eAyXx4hluJivBKzuEbSQs9rKWCrCkbSxNv8mxPcUZKeuoF3Uy4mJl3Lwprp6yy5/39VWigZ4K6Q==",
      "license": "Apache-2.0"
    },
    "node_modules/requires-port": {
      "version": "1.0.0",
      "license": "MIT"
    },
    "node_modules/safer-buffer": {
      "version": "2.1.2",
      "license": "MIT"
    },
    "node_modules/shebang-command": {
      "version": "2.0.0",
      "license": "MIT",
      "dependencies": {
        "shebang-regex": "^3.0.0"
      },
      "engines": {
        "node": ">=8"
      }
    },
    "node_modules/shebang-regex": {
      "version": "3.0.0",
      "license": "MIT",
      "engines": {
        "node": ">=8"
      }
    },
    "node_modules/signal-exit": {
      "version": "3.0.7",
      "license": "ISC"
    },
    "node_modules/simple-git": {
      "version": "3.28.0",
      "license": "MIT",
      "dependencies": {
        "@kwsites/file-exists": "^1.1.1",
        "@kwsites/promise-deferred": "^1.1.1",
        "debug": "^4.4.0"
      },
      "funding": {
        "type": "github",
        "url": "https://github.com/steveukx/git-js?sponsor=1"
      }
    },
    "node_modules/sshpk": {
      "version": "1.18.0",
      "license": "MIT",
      "dependencies": {
        "asn1": "~0.2.3",
        "assert-plus": "^1.0.0",
        "bcrypt-pbkdf": "^1.0.0",
        "dashdash": "^1.12.0",
        "ecc-jsbn": "~0.1.1",
        "getpass": "^0.1.1",
        "jsbn": "~0.1.0",
        "safer-buffer": "^2.0.2",
        "tweetnacl": "~0.14.0"
      },
      "bin": {
        "sshpk-conv": "bin/sshpk-conv",
        "sshpk-sign": "bin/sshpk-sign",
        "sshpk-verify": "bin/sshpk-verify"
      },
      "engines": {
        "node": ">=0.10.0"
      }
    },
    "node_modules/strip-final-newline": {
      "version": "3.0.0",
      "license": "MIT",
      "engines": {
        "node": ">=12"
      },
      "funding": {
        "url": "https://github.com/sponsors/sindresorhus"
      }
    },
    "node_modules/tslib": {
      "version": "2.8.1",
      "resolved": "https://registry.npmjs.org/tslib/-/tslib-2.8.1.tgz",
      "integrity": "sha512-oJFu94HQb+KVduSUQL7wnpmqnfmLsOA/nAh6b6EH0wCEoK0/mPeXU6c3wKDV83MkOuHPRHtSXKKU99IBazS/2w==",
      "license": "0BSD"
    },
    "node_modules/tsyringe": {
      "version": "4.10.0",
      "resolved": "https://registry.npmjs.org/tsyringe/-/tsyringe-4.10.0.tgz",
      "integrity": "sha512-axr3IdNuVIxnaK5XGEUFTu3YmAQ6lllgrvqfEoR16g/HGnYY/6We4oWENtAnzK6/LpJ2ur9PAb80RBt7/U4ugw==",
      "license": "MIT",
      "dependencies": {
        "tslib": "^1.9.3"
      },
      "engines": {
        "node": ">= 6.0.0"
      }
    },
    "node_modules/tsyringe/node_modules/tslib": {
      "version": "1.14.1",
      "resolved": "https://registry.npmjs.org/tslib/-/tslib-1.14.1.tgz",
      "integrity": "sha512-Xni35NKzjgMrwevysHTCArtLDpPvye8zV/0E4EyYn43P7/7qvQwPh9BGkHewbMulVntbigmcT7rdX3BNo9wRJg==",
      "license": "0BSD"
    },
    "node_modules/tweetnacl": {
      "version": "0.14.5",
      "license": "Unlicense"
    },
    "node_modules/typescript": {
      "version": "5.9.2",
      "license": "Apache-2.0",
      "peer": true,
      "bin": {
        "tsc": "bin/tsc",
        "tsserver": "bin/tsserver"
      },
      "engines": {
        "node": ">=14.17"
      }
    },
    "node_modules/undici-types": {
      "version": "6.21.0",
      "dev": true,
      "license": "MIT"
    },
    "node_modules/uuid": {
      "version": "10.0.0",
      "funding": [
        "https://github.com/sponsors/broofa",
        "https://github.com/sponsors/ctavan"
      ],
      "license": "MIT",
      "bin": {
        "uuid": "dist/bin/uuid"
      }
    },
    "node_modules/viem": {
      "version": "2.35.1",
      "funding": [
        {
          "type": "github",
          "url": "https://github.com/sponsors/wevm"
        }
      ],
      "license": "MIT",
      "dependencies": {
        "@noble/curves": "1.9.6",
        "@noble/hashes": "1.8.0",
        "@scure/bip32": "1.7.0",
        "@scure/bip39": "1.6.0",
        "abitype": "1.0.8",
        "isows": "1.0.7",
        "ox": "0.8.7",
        "ws": "8.18.3"
      },
      "peerDependencies": {
        "typescript": ">=5.0.4"
      },
      "peerDependenciesMeta": {
        "typescript": {
          "optional": true
        }
      }
    },
    "node_modules/viem/node_modules/@noble/curves": {
      "version": "1.9.6",
      "license": "MIT",
      "dependencies": {
        "@noble/hashes": "1.8.0"
      },
      "engines": {
        "node": "^14.21.3 || >=16"
      },
      "funding": {
        "url": "https://paulmillr.com/funding/"
      }
    },
    "node_modules/viem/node_modules/@noble/hashes": {
      "version": "1.8.0",
      "license": "MIT",
      "engines": {
        "node": "^14.21.3 || >=16"
      },
      "funding": {
        "url": "https://paulmillr.com/funding/"
      }
    },
    "node_modules/which": {
      "version": "2.0.2",
      "license": "ISC",
      "dependencies": {
        "isexe": "^2.0.0"
      },
      "bin": {
        "node-which": "bin/node-which"
      },
      "engines": {
        "node": ">= 8"
      }
    },
    "node_modules/ws": {
      "version": "8.18.3",
      "license": "MIT",
      "engines": {
        "node": ">=10.0.0"
      },
      "peerDependencies": {
        "bufferutil": "^4.0.1",
        "utf-8-validate": ">=5.0.2"
      },
      "peerDependenciesMeta": {
        "bufferutil": {
          "optional": true
        },
        "utf-8-validate": {
          "optional": true
        }
      }
    },
    "node_modules/zod": {
      "version": "3.25.76",
      "license": "MIT",
      "funding": {
        "url": "https://github.com/sponsors/colinhacks"
      }
    }
  }
}
